
Microsoft Visual Studio Solution File, Format Version 11.00
# Visual Studio 2010
Project("{FAE04EC0-301F-11D3-BF4B-00C04F79EFBC}") = "MorseCode", "MorseCode\MorseCode.csproj", "{AC4BBDB6-4A0E-48A3-9F38-D0DDC897FA75}"
EndProject
Global
	GlobalSection(SolutionConfigurationPlatforms) = preSolution
		Debug|x86 = Debug|x86
		Release|x86 = Release|x86
	EndGlobalSection
	GlobalSection(ProjectConfigurationPlatforms) = postSolution
		{AC4BBDB6-4A0E-48A3-9F38-D0DDC897FA75}.Debug|x86.ActiveCfg = Debug|x86
		{AC4BBDB6-4A0E-48A3-9F38-D0DDC897FA75}.Debug|x86.Build.0 = Debug|x86
		{AC4BBDB6-4A0E-48A3-9F38-D0DDC897FA75}.Release|x86.ActiveCfg = Release|x86
		{AC4BBDB6-4A0E-48A3-9F38-D0DDC897FA75}.Release|x86.Build.0 = Release|x86
	EndGlobalSection
	GlobalSection(SolutionProperties) = preSolution
		HideSolutionNode = FALSE
	EndGlobalSection
EndGlobal
