
Microsoft Visual Studio Solution File, Format Version 11.00
# Visual Studio 2010
Project("{FAE04EC0-301F-11D3-BF4B-00C04F79EFBC}") = "Operator 10", "Operator 10\Operator 10.csproj", "{F84F43DD-57DD-4165-883D-03B70681EDB5}"
EndProject
Global
	GlobalSection(SolutionConfigurationPlatforms) = preSolution
		Debug|x86 = Debug|x86
		Release|x86 = Release|x86
	EndGlobalSection
	GlobalSection(ProjectConfigurationPlatforms) = postSolution
		{F84F43DD-57DD-4165-883D-03B70681EDB5}.Debug|x86.ActiveCfg = Debug|x86
		{F84F43DD-57DD-4165-883D-03B70681EDB5}.Debug|x86.Build.0 = Debug|x86
		{F84F43DD-57DD-4165-883D-03B70681EDB5}.Release|x86.ActiveCfg = Release|x86
		{F84F43DD-57DD-4165-883D-03B70681EDB5}.Release|x86.Build.0 = Release|x86
	EndGlobalSection
	GlobalSection(SolutionProperties) = preSolution
		HideSolutionNode = FALSE
	EndGlobalSection
EndGlobal
