
Microsoft Visual Studio Solution File, Format Version 11.00
# Visual Studio 2010
Project("{FAE04EC0-301F-11D3-BF4B-00C04F79EFBC}") = "DataTypes 12", "DataTypes 12\DataTypes 12.csproj", "{A39FF14B-5F8C-4663-8732-FD0D3BF0BFB7}"
EndProject
Global
	GlobalSection(SolutionConfigurationPlatforms) = preSolution
		Debug|x86 = Debug|x86
		Release|x86 = Release|x86
	EndGlobalSection
	GlobalSection(ProjectConfigurationPlatforms) = postSolution
		{A39FF14B-5F8C-4663-8732-FD0D3BF0BFB7}.Debug|x86.ActiveCfg = Debug|x86
		{A39FF14B-5F8C-4663-8732-FD0D3BF0BFB7}.Debug|x86.Build.0 = Debug|x86
		{A39FF14B-5F8C-4663-8732-FD0D3BF0BFB7}.Release|x86.ActiveCfg = Release|x86
		{A39FF14B-5F8C-4663-8732-FD0D3BF0BFB7}.Release|x86.Build.0 = Release|x86
	EndGlobalSection
	GlobalSection(SolutionProperties) = preSolution
		HideSolutionNode = FALSE
	EndGlobalSection
EndGlobal
